
Microsoft Visual Studio Solution File, Format Version 12.00
# Visual Studio Version 17
VisualStudioVersion = 17.0.31903.59
MinimumVisualStudioVersion = 10.0.40219.1
Project("{9A19103F-16F7-4668-BE54-9A1E7A4F7556}") = "Uqs.Weather", "Uqs.Weather\Uqs.Weather.csproj", "{6545C6D9-ED81-4702-B208-457FB286A14C}"
EndProject
Project("{FAE04EC0-301F-11D3-BF4B-00C04F79EFBC}") = "Uqs.Weather.TestRunner", "Uqs.Weather.TestRunner\Uqs.Weather.TestRunner.csproj", "{9AA89C30-D8A7-46CA-9C5A-ED4F922BC0D2}"
EndProject
Project("{FAE04EC0-301F-11D3-BF4B-00C04F79EFBC}") = "Uqs.Weather.Tests.Unit", "Uqs.Weather.Tests.Unit\Uqs.Weather.Tests.Unit.csproj", "{3B5BE256-07A6-46F0-8E79-22E782F4A44C}"
EndProject
Global
	GlobalSection(SolutionConfigurationPlatforms) = preSolution
		Debug|Any CPU = Debug|Any CPU
		Release|Any CPU = Release|Any CPU
	EndGlobalSection
	GlobalSection(ProjectConfigurationPlatforms) = postSolution
		{6545C6D9-ED81-4702-B208-457FB286A14C}.Debug|Any CPU.ActiveCfg = Debug|Any CPU
		{6545C6D9-ED81-4702-B208-457FB286A14C}.Debug|Any CPU.Build.0 = Debug|Any CPU
		{6545C6D9-ED81-4702-B208-457FB286A14C}.Release|Any CPU.ActiveCfg = Release|Any CPU
		{6545C6D9-ED81-4702-B208-457FB286A14C}.Release|Any CPU.Build.0 = Release|Any CPU
		{9AA89C30-D8A7-46CA-9C5A-ED4F922BC0D2}.Debug|Any CPU.ActiveCfg = Debug|Any CPU
		{9AA89C30-D8A7-46CA-9C5A-ED4F922BC0D2}.Debug|Any CPU.Build.0 = Debug|Any CPU
		{9AA89C30-D8A7-46CA-9C5A-ED4F922BC0D2}.Release|Any CPU.ActiveCfg = Release|Any CPU
		{9AA89C30-D8A7-46CA-9C5A-ED4F922BC0D2}.Release|Any CPU.Build.0 = Release|Any CPU
		{3B5BE256-07A6-46F0-8E79-22E782F4A44C}.Debug|Any CPU.ActiveCfg = Debug|Any CPU
		{3B5BE256-07A6-46F0-8E79-22E782F4A44C}.Debug|Any CPU.Build.0 = Debug|Any CPU
		{3B5BE256-07A6-46F0-8E79-22E782F4A44C}.Release|Any CPU.ActiveCfg = Release|Any CPU
		{3B5BE256-07A6-46F0-8E79-22E782F4A44C}.Release|Any CPU.Build.0 = Release|Any CPU
	EndGlobalSection
	GlobalSection(SolutionProperties) = preSolution
		HideSolutionNode = FALSE
	EndGlobalSection
EndGlobal
